
Microsoft Visual Studio Solution File, Format Version 12.00
# Visual Studio Version 16
VisualStudioVersion = 16.0.30611.23
MinimumVisualStudioVersion = 10.0.40219.1
Project("{FAE04EC0-301F-11D3-BF4B-00C04F79EFBC}") = "Start-Up Group", "Start-Up Group.csproj", "{4DD2435A-E2F1-4162-B872-25754BC35278}"
EndProject
Global
	GlobalSection(SolutionConfigurationPlatforms) = preSolution
		Debug|Any CPU = Debug|Any CPU
		Release|Any CPU = Release|Any CPU
	EndGlobalSection
	GlobalSection(ProjectConfigurationPlatforms) = postSolution
		{4DD2435A-E2F1-4162-B872-25754BC35278}.Debug|Any CPU.ActiveCfg = Debug|Any CPU
		{4DD2435A-E2F1-4162-B872-25754BC35278}.Debug|Any CPU.Build.0 = Debug|Any CPU
		{4DD2435A-E2F1-4162-B872-25754BC35278}.Release|Any CPU.ActiveCfg = Release|Any CPU
		{4DD2435A-E2F1-4162-B872-25754BC35278}.Release|Any CPU.Build.0 = Release|Any CPU
	EndGlobalSection
	GlobalSection(SolutionProperties) = preSolution
		HideSolutionNode = FALSE
	EndGlobalSection
	GlobalSection(ExtensibilityGlobals) = postSolution
		SolutionGuid = {4272D884-8221-4FEF-BB07-04C775EC76E0}
	EndGlobalSection
EndGlobal
